{
  "lockfile_version": "1",
  "packages": {
    "github:NixOS/nixpkgs/nixpkgs-unstable": {
      "last_modified": "2026-03-28T12:40:58Z",
      "resolved": "github:NixOS/nixpkgs/b63fe7f000adcfa269967eeff72c64cafecbbebe?lastModified=1774701658&narHash=sha256-CIS%2F4AMUSwUyC8X5g%2B5JsMRvIUL3YUfewe8K4VrbsSQ%3D"
    },
    "glow@latest": {
      "last_modified": "2026-03-21T07:29:51Z",
      "resolved": "github:NixOS/nixpkgs/09061f748ee21f68a089cd5d91ec1859cd93d0be#glow",
      "source": "devbox-search",
      "version": "2.1.1",
      "systems": {
        "aarch64-darwin": {
          "outputs": [
            {
              "name": "out",
              "path": "/nix/store/r24zc4hxfsh19l4zb1lwbfikdmifspi5-glow-2.1.1",
              "default": true
            }
          ],
          "store_path": "/nix/store/r24zc4hxfsh19l4zb1lwbfikdmifspi5-glow-2.1.1"
        },
        "aarch64-linux": {
          "outputs": [
            {
              "name": "out",
              "path": "/nix/store/q3kgzsdzw1xxha011y6yjb98p6ci8fyg-glow-2.1.1",
              "default": true
            }
          ],
          "store_path": "/nix/store/q3kgzsdzw1xxha011y6yjb98p6ci8fyg-glow-2.1.1"
        },
        "x86_64-darwin": {
          "outputs": [
            {
              "name": "out",
              "path": "/nix/store/03zpx7sr30hqa71inklq5068w6szghqy-glow-2.1.1",
              "default": true
            }
          ],
          "store_path": "/nix/store/03zpx7sr30hqa71inklq5068w6szghqy-glow-2.1.1"
        },
        "x86_64-linux": {
          "outputs": [
            {
              "name": "out",
              "path": "/nix/store/s3rdf9b08q3c464kfx3y6fpvmdsx2a3n-glow-2.1.1",
              "default": true
            }
          ],
          "store_path": "/nix/store/s3rdf9b08q3c464kfx3y6fpvmdsx2a3n-glow-2.1.1"
        }
      }
    },
    "nodejs@latest": {
      "last_modified": "2026-03-21T07:29:51Z",
      "plugin_version": "0.0.2",
      "resolved": "github:NixOS/nixpkgs/09061f748ee21f68a089cd5d91ec1859cd93d0be#nodejs_25",
      "source": "devbox-search",
      "version": "25.8.1",
      "systems": {
        "aarch64-darwin": {
          "outputs": [
            {
              "name": "out",
              "path": "/nix/store/kala80ghvzlaxns3h291chi9l63jvjfy-nodejs-25.8.1",
              "default": true
            }
          ],
          "store_path": "/nix/store/kala80ghvzlaxns3h291chi9l63jvjfy-nodejs-25.8.1"
        },
        "aarch64-linux": {
          "outputs": [
            {
              "name": "out",
              "path": "/nix/store/af8lqf08ahd3wxy9jhzi7d0qcrsc9kvb-nodejs-25.8.1",
              "default": true
            }
          ],
          "store_path": "/nix/store/af8lqf08ahd3wxy9jhzi7d0qcrsc9kvb-nodejs-25.8.1"
        },
        "x86_64-darwin": {
          "outputs": [
            {
              "name": "out",
              "path": "/nix/store/mj7gariyc4j8fi2b9k31ykhr6n2yklm7-nodejs-25.8.1",
              "default": true
            }
          ],
          "store_path": "/nix/store/mj7gariyc4j8fi2b9k31ykhr6n2yklm7-nodejs-25.8.1"
        },
        "x86_64-linux": {
          "outputs": [
            {
              "name": "out",
              "path": "/nix/store/h1dg57qqanqg9giys4a4akyncssbbb2v-nodejs-25.8.1",
              "default": true
            }
          ],
          "store_path": "/nix/store/h1dg57qqanqg9giys4a4akyncssbbb2v-nodejs-25.8.1"
        }
      }
    },
    "rustup@latest": {
      "last_modified": "2026-03-21T07:29:51Z",
      "plugin_version": "0.0.1",
      "resolved": "github:NixOS/nixpkgs/09061f748ee21f68a089cd5d91ec1859cd93d0be#rustup",
      "source": "devbox-search",
      "version": "1.28.2",
      "systems": {
        "aarch64-darwin": {
          "outputs": [
            {
              "name": "out",
              "path": "/nix/store/z151hcfq4djwzmxxfdiy5cih1nly05aq-rustup-1.28.2",
              "default": true
            }
          ],
          "store_path": "/nix/store/z151hcfq4djwzmxxfdiy5cih1nly05aq-rustup-1.28.2"
        },
        "aarch64-linux": {
          "outputs": [
            {
              "name": "out",
              "path": "/nix/store/l1bgj6d6p3n9868n91vhb8fvzj3l0n69-rustup-1.28.2",
              "default": true
            }
          ],
          "store_path": "/nix/store/l1bgj6d6p3n9868n91vhb8fvzj3l0n69-rustup-1.28.2"
        },
        "x86_64-darwin": {
          "outputs": [
            {
              "name": "out",
              "path": "/nix/store/3rczx3p8ayxam5xp1h1jpq3cwwrzpak4-rustup-1.28.2",
              "default": true
            }
          ],
          "store_path": "/nix/store/3rczx3p8ayxam5xp1h1jpq3cwwrzpak4-rustup-1.28.2"
        },
        "x86_64-linux": {
          "outputs": [
            {
              "name": "out",
              "path": "/nix/store/8bwaqs52z4830qljdx989b86lqjq5ah3-rustup-1.28.2",
              "default": true
            }
          ],
          "store_path": "/nix/store/8bwaqs52z4830qljdx989b86lqjq5ah3-rustup-1.28.2"
        }
      }
    }
  }
}
